
Microsoft Visual Studio Solution File, Format Version 12.00
# Visual Studio 14
VisualStudioVersion = 14.0.25123.0
MinimumVisualStudioVersion = 10.0.40219.1
Project("{FAE04EC0-301F-11D3-BF4B-00C04F79EFBC}") = "TP_1Lab2", "TP_1Lab2\TP_1Lab2.csproj", "{B637A512-A8D7-4EEE-9E1C-2DE10EBE0CFE}"
EndProject
Global
	GlobalSection(SolutionConfigurationPlatforms) = preSolution
		Debug|Any CPU = Debug|Any CPU
		Release|Any CPU = Release|Any CPU
	EndGlobalSection
	GlobalSection(ProjectConfigurationPlatforms) = postSolution
		{B637A512-A8D7-4EEE-9E1C-2DE10EBE0CFE}.Debug|Any CPU.ActiveCfg = Debug|Any CPU
		{B637A512-A8D7-4EEE-9E1C-2DE10EBE0CFE}.Debug|Any CPU.Build.0 = Debug|Any CPU
		{B637A512-A8D7-4EEE-9E1C-2DE10EBE0CFE}.Release|Any CPU.ActiveCfg = Release|Any CPU
		{B637A512-A8D7-4EEE-9E1C-2DE10EBE0CFE}.Release|Any CPU.Build.0 = Release|Any CPU
	EndGlobalSection
	GlobalSection(SolutionProperties) = preSolution
		HideSolutionNode = FALSE
	EndGlobalSection
EndGlobal
